{
    "_meta": {
        "hash": {
            "sha256": "1ef31447d0ffd9e1c322700f8ac896a1fb6c575fa30ded63dc310b8e2615cb5f"
        },
        "pipfile-spec": 6,
        "requires": {
            "python_version": "3.6"
        },
        "sources": [
            {
                "name": "pypi",
                "url": "https://pypi.python.org/simple",
                "verify_ssl": true
            }
        ]
    },
    "default": {
        "cachetools": {
            "hashes": [
                "sha256:428266a1c0d36dc5aca63a2d7c5942e88c2c898d72139fca0e97fdd2380517ae",
                "sha256:8ea2d3ce97850f31e4a08b0e2b5e6c34997d7216a9d2c98e0f3978630d4da69a"
            ],
            "version": "==3.1.1"
        },
        "certifi": {
            "hashes": [
                "sha256:017c25db2a153ce562900032d5bc68e9f191e44e9a0f762f373977de9df1fbb3",
                "sha256:25b64c7da4cd7479594d035c08c2d809eb4aab3a26e5a990ea98cc450c320f1f"
            ],
            "version": "==2019.11.28"
        },
        "chardet": {
            "hashes": [
                "sha256:84ab92ed1c4d4f16916e05906b6b75a6c0fb5db821cc65e70cbd64a3e2a5eaae",
                "sha256:fc323ffcaeaed0e0a02bf4d117757b98aed530d9ed4531e3e15460124c106691"
            ],
            "version": "==3.0.4"
        },
        "django": {
            "hashes": [
                "sha256:1a41831eace203fd1939edf899e07d7abd12ce9bafc3d9a5a63a24a8d1d12bd5",
                "sha256:305b6c4fce9e03bb746e35780c2c4d52f29ea1669f15633cfd41bc8821c74c76"
            ],
            "index": "pypi",
            "version": "==2.1.11"
        },
        "django-cors-headers": {
            "hashes": [
                "sha256:5545009c9b233ea7e70da7dbab7cb1c12afa01279895086f98ec243d7eab46fa",
                "sha256:c4c2ee97139d18541a1be7d96fe337d1694623816d83f53cb7c00da9b94acae1"
            ],
            "index": "pypi",
            "version": "==2.4.0"
        },
        "django-debug-toolbar": {
            "hashes": [
                "sha256:08e0e43f6c1fd9820af4cbdcd54b5fb80bf83a2e08b2cc952547a671174999b8",
                "sha256:1dcae28d430522debafde2602b3450eb784410b78e16c29a00448032df2a4c90"
            ],
            "index": "pypi",
            "version": "==1.10.1"
        },
        "django-filter": {
            "hashes": [
                "sha256:6f4e4bc1a11151178520567b50320e5c32f8edb552139d93ea3e30613b886f56",
                "sha256:86c3925020c27d072cdae7b828aaa5d165c2032a629abbe3c3a1be1edae61c58"
            ],
            "index": "pypi",
            "version": "==2.0.0"
        },
        "django-model-utils": {
            "hashes": [
                "sha256:2c057f3bf0859aba27f04389f0cedd2d48f8c9b3848acb86fd9970794e58f477",
                "sha256:8cd377744aa45f9f131d652ec460c57d1aaa88d3e9b586c8e27eb709341b9084"
            ],
            "index": "pypi",
            "version": "==3.1.2"
        },
        "djangorestframework": {
            "hashes": [
                "sha256:607865b0bb1598b153793892101d881466bd5a991de12bd6229abb18b1c86136",
                "sha256:63f76cbe1e7d12b94c357d7e54401103b2e52aef0f7c1650d6c820ad708776e5"
            ],
            "index": "pypi",
            "version": "==3.9.0"
        },
        "google-api-python-client": {
            "hashes": [
                "sha256:5d5cb02c6f3112c68eed51b74891a49c0e35263380672d662f8bfe85b8114d7c",
                "sha256:7cc47cf80b25ecd7f3d917ea247bb6c62587514e40604ae29c47c0e4ebd1174b"
            ],
            "index": "pypi",
            "version": "==1.7.4"
        },
        "google-auth": {
            "hashes": [
                "sha256:9ca363facbf2622d9ba828017536ccca2e0f58bd15e659b52f312172f8815530",
                "sha256:a4cf9e803f2176b5de442763bd339b313d3f1ed3002e3e1eb6eec1d7c9bbc9b4"
            ],
            "index": "pypi",
            "version": "==1.5.1"
        },
        "google-auth-httplib2": {
            "hashes": [
                "sha256:098fade613c25b4527b2c08fa42d11f3c2037dda8995d86de0745228e965d445",
                "sha256:f1c437842155680cf9918df9bc51c1182fda41feef88c34004bd1978c8157e08"
            ],
            "version": "==0.0.3"
        },
        "httplib2": {
            "hashes": [
                "sha256:34537dcdd5e0f2386d29e0e2c6d4a1703a3b982d34c198a5102e6e5d6194b107",
                "sha256:409fa5509298f739b34d5a652df762cb0042507dc93f6633e306b11289d6249d"
            ],
            "version": "==0.14.0"
        },
        "idna": {
            "hashes": [
                "sha256:156a6814fb5ac1fc6850fb002e0852d56c0c8d2531923a51032d1b70760e186e",
                "sha256:684a38a6f903c1d71d6d5fac066b58d7768af4de2b832e426ec79c30daa94a16"
            ],
            "version": "==2.7"
        },
        "markdown": {
            "hashes": [
                "sha256:c00429bd503a47ec88d5e30a751e147dcb4c6889663cd3e2ba0afe858e009baa",
                "sha256:d02e0f9b04c500cde6637c11ad7c72671f359b87b9fe924b2383649d8841db7c"
            ],
            "index": "pypi",
            "version": "==3.0.1"
        },
        "psycopg2-binary": {
            "hashes": [
                "sha256:04afb59bbbd2eab3148e6816beddc74348078b8c02a1113ea7f7822f5be4afe3",
                "sha256:098b18f4d8857a8f9b206d1dc54db56c2255d5d26458917e7bcad61ebfe4338f",
                "sha256:0bf855d4a7083e20ead961fda4923887094eaeace0ab2d76eb4aa300f4bbf5bd",
                "sha256:197dda3ffd02057820be83fe4d84529ea70bf39a9a4daee1d20ffc74eb3d042e",
                "sha256:278ef63afb4b3d842b4609f2c05ffbfb76795cf6a184deeb8707cd5ed3c981a5",
                "sha256:3cbf8c4fc8f22f0817220891cf405831559f4d4c12c4f73913730a2ea6c47a47",
                "sha256:4305aed922c4d9d6163ab3a41d80b5a1cfab54917467da8168552c42cad84d32",
                "sha256:47ee296f704fb8b2a616dec691cdcfd5fa0f11943955e88faa98cbd1dc3b3e3d",
                "sha256:4a0e38cb30457e70580903367161173d4a7d1381eb2f2cfe4e69b7806623f484",
                "sha256:4d6c294c6638a71cafb82a37f182f24321f1163b08b5d5ca076e11fe838a3086",
                "sha256:4f3233c366500730f839f92833194fd8f9a5c4529c8cd8040aa162c3740de8e5",
                "sha256:5221f5a3f4ca2ddf0d58e8b8a32ca50948be9a43351fda797eb4e72d7a7aa34d",
                "sha256:5c6ca0b507540a11eaf9e77dee4f07c131c2ec80ca0cffa146671bf690bc1c02",
                "sha256:789bd89d71d704db2b3d5e67d6d518b158985d791d3b2dec5ab85457cfc9677b",
                "sha256:7b94d29239efeaa6a967f3b5971bd0518d2a24edd1511edbf4a2c8b815220d07",
                "sha256:89bc65ef3301c74cf32db25334421ea6adbe8f65601ea45dcaaf095abed910bb",
                "sha256:89d6d3a549f405c20c9ae4dc94d7ed2de2fa77427a470674490a622070732e62",
                "sha256:97521704ac7127d7d8ba22877da3c7bf4a40366587d238ec679ff38e33177498",
                "sha256:a395b62d5f44ff6f633231abe568e2203b8fabf9797cd6386aa92497df912d9a",
                "sha256:a6d32c37f714c3f34158f3fa659f3a8f2658d5f53c4297d45579b9677cc4d852",
                "sha256:a89ee5c26f72f2d0d74b991ce49e42ddeb4ac0dc2d8c06a0f2770a1ab48f4fe0",
                "sha256:b4c8b0ef3608e59317bfc501df84a61e48b5445d45f24d0391a24802de5f2d84",
                "sha256:b5fcf07140219a1f71e18486b8dc28e2e1b76a441c19374805c617aa6d9a9d55",
                "sha256:b86f527f00956ecebad6ab3bb30e3a75fedf1160a8716978dd8ce7adddedd86f",
                "sha256:be4c4aa22ba22f70de36c98b06480e2f1697972d49eb20d525f400d204a6d272",
                "sha256:c2ac7aa1a144d4e0e613ac7286dae85671e99fe7a1353954d4905629c36b811c",
                "sha256:de26ef4787b5e778e8223913a3e50368b44e7480f83c76df1f51d23bd21cea16",
                "sha256:e70ebcfc5372dc7b699c0110454fc4263967f30c55454397e5769eb72c0eb0ce",
                "sha256:eadbd32b6bc48b67b0457fccc94c86f7ccc8178ab839f684eb285bb592dc143e",
                "sha256:ecbc6dfff6db06b8b72ae8a2f25ff20fbdcb83cb543811a08f7cb555042aa729"
            ],
            "index": "pypi",
            "version": "==2.7.5"
        },
        "pyasn1": {
            "hashes": [
                "sha256:39c7e2ec30515947ff4e87fb6f456dfc6e84857d34be479c9d4a4ba4bf46aa5d",
                "sha256:aef77c9fb94a3ac588e87841208bdec464471d9871bd5050a287cc9a475cd0ba"
            ],
            "version": "==0.4.8"
        },
        "pyasn1-modules": {
            "hashes": [
                "sha256:0c35a52e00b672f832e5846826f1fb7507907f7d52fba6faa9e3c4cbe874fe4b",
                "sha256:b6ada4f840fe51abf5a6bd545b45bf537bea62221fa0dde2e8a553ed9f06a4e3"
            ],
            "version": "==0.2.7"
        },
        "pytz": {
            "hashes": [
                "sha256:1c557d7d0e871de1f5ccd5833f60fb2550652da6be2693c1e02300743d21500d",
                "sha256:b02c06db6cf09c12dd25137e563b31700d3b80fcc4ad23abb7a315f2789819be"
            ],
            "version": "==2019.3"
        },
        "requests": {
            "hashes": [
                "sha256:99dcfdaaeb17caf6e526f32b6a7b780461512ab3f1d992187801694cba42770c",
                "sha256:a84b8c9ab6239b578f22d1c21d51b696dcfe004032bb80ea832398d6909d7279"
            ],
            "index": "pypi",
            "version": "==2.20.0"
        },
        "rsa": {
            "hashes": [
                "sha256:14ba45700ff1ec9eeb206a2ce76b32814958a98e372006c8fb76ba820211be66",
                "sha256:1a836406405730121ae9823e19c6e806c62bbad73f890574fff50efa4122c487"
            ],
            "version": "==4.0"
        },
        "six": {
            "hashes": [
                "sha256:1f1b7d42e254082a9db6279deae68afb421ceba6158efa6131de7b3003ee93fd",
                "sha256:30f610279e8b2578cab6db20741130331735c781b56053c59c4076da27f06b66"
            ],
            "version": "==1.13.0"
        },
        "sqlparse": {
            "hashes": [
                "sha256:40afe6b8d4b1117e7dff5504d7a8ce07d9a1b15aeeade8a2d10f130a834f8177",
                "sha256:7c3dca29c022744e95b547e867cee89f4fce4373f3549ccd8797d8eb52cdb873"
            ],
            "version": "==0.3.0"
        },
        "uritemplate": {
            "hashes": [
                "sha256:01c69f4fe8ed503b2951bef85d996a9d22434d2431584b5b107b2981ff416fbd",
                "sha256:1b9c467a940ce9fb9f50df819e8ddd14696f89b9a8cc87ac77952ba416e0a8fd",
                "sha256:c02643cebe23fc8adb5e6becffe201185bf06c40bda5c0b4028a93f1527d011d"
            ],
            "version": "==3.0.0"
        },
        "urllib3": {
            "hashes": [
                "sha256:2393a695cd12afedd0dcb26fe5d50d0cf248e5a66f75dbd89a3d4eb333a61af4",
                "sha256:a637e5fae88995b256e3409dc4d52c2e2e0ba32c42a6365fee8bbd2238de3cfb"
            ],
            "version": "==1.24.3"
        }
    },
    "develop": {
        "atomicwrites": {
            "hashes": [
                "sha256:03472c30eb2c5d1ba9227e4c2ca66ab8287fbfbbda3888aa93dc2e28fc6811b4",
                "sha256:75a9445bac02d8d058d5e1fe689654ba5a6556a1dfd8ce6ec55a0ed79866cfa6"
            ],
            "version": "==1.3.0"
        },
        "attrs": {
            "hashes": [
                "sha256:08a96c641c3a74e44eb59afb61a24f2cb9f4d7188748e76ba4bb5edfa3cb7d1c",
                "sha256:f7b7ce16570fe9965acd6d30101a28f62fb4a7f9e926b3bbc9b61f8b04247e72"
            ],
            "version": "==19.3.0"
        },
        "coverage": {
            "hashes": [
                "sha256:08907593569fe59baca0bf152c43f3863201efb6113ecb38ce7e97ce339805a6",
                "sha256:0be0f1ed45fc0c185cfd4ecc19a1d6532d72f86a2bac9de7e24541febad72650",
                "sha256:141f08ed3c4b1847015e2cd62ec06d35e67a3ac185c26f7635f4406b90afa9c5",
                "sha256:19e4df788a0581238e9390c85a7a09af39c7b539b29f25c89209e6c3e371270d",
                "sha256:23cc09ed395b03424d1ae30dcc292615c1372bfba7141eb85e11e50efaa6b351",
                "sha256:245388cda02af78276b479f299bbf3783ef0a6a6273037d7c60dc73b8d8d7755",
                "sha256:331cb5115673a20fb131dadd22f5bcaf7677ef758741312bee4937d71a14b2ef",
                "sha256:386e2e4090f0bc5df274e720105c342263423e77ee8826002dcffe0c9533dbca",
                "sha256:3a794ce50daee01c74a494919d5ebdc23d58873747fa0e288318728533a3e1ca",
                "sha256:60851187677b24c6085248f0a0b9b98d49cba7ecc7ec60ba6b9d2e5574ac1ee9",
                "sha256:63a9a5fc43b58735f65ed63d2cf43508f462dc49857da70b8980ad78d41d52fc",
                "sha256:6b62544bb68106e3f00b21c8930e83e584fdca005d4fffd29bb39fb3ffa03cb5",
                "sha256:6ba744056423ef8d450cf627289166da65903885272055fb4b5e113137cfa14f",
                "sha256:7494b0b0274c5072bddbfd5b4a6c6f18fbbe1ab1d22a41e99cd2d00c8f96ecfe",
                "sha256:826f32b9547c8091679ff292a82aca9c7b9650f9fda3e2ca6bf2ac905b7ce888",
                "sha256:93715dffbcd0678057f947f496484e906bf9509f5c1c38fc9ba3922893cda5f5",
                "sha256:9a334d6c83dfeadae576b4d633a71620d40d1c379129d587faa42ee3e2a85cce",
                "sha256:af7ed8a8aa6957aac47b4268631fa1df984643f07ef00acd374e456364b373f5",
                "sha256:bf0a7aed7f5521c7ca67febd57db473af4762b9622254291fbcbb8cd0ba5e33e",
                "sha256:bf1ef9eb901113a9805287e090452c05547578eaab1b62e4ad456fcc049a9b7e",
                "sha256:c0afd27bc0e307a1ffc04ca5ec010a290e49e3afbe841c5cafc5c5a80ecd81c9",
                "sha256:dd579709a87092c6dbee09d1b7cfa81831040705ffa12a1b248935274aee0437",
                "sha256:df6712284b2e44a065097846488f66840445eb987eb81b3cc6e4149e7b6982e1",
                "sha256:e07d9f1a23e9e93ab5c62902833bf3e4b1f65502927379148b6622686223125c",
                "sha256:e2ede7c1d45e65e209d6093b762e98e8318ddeff95317d07a27a2140b80cfd24",
                "sha256:e4ef9c164eb55123c62411f5936b5c2e521b12356037b6e1c2617cef45523d47",
                "sha256:eca2b7343524e7ba246cab8ff00cab47a2d6d54ada3b02772e908a45675722e2",
                "sha256:eee64c616adeff7db37cc37da4180a3a5b6177f5c46b187894e633f088fb5b28",
                "sha256:ef824cad1f980d27f26166f86856efe11eff9912c4fed97d3804820d43fa550c",
                "sha256:efc89291bd5a08855829a3c522df16d856455297cf35ae827a37edac45f466a7",
                "sha256:fa964bae817babece5aa2e8c1af841bebb6d0b9add8e637548809d040443fee0",
                "sha256:ff37757e068ae606659c28c3bd0d923f9d29a85de79bf25b2b34b148473b5025"
            ],
            "version": "==4.5.4"
        },
        "factory-boy": {
            "hashes": [
                "sha256:6f25cc4761ac109efd503f096e2ad99421b1159f01a29dbb917359dcd68e08ca",
                "sha256:d552cb872b310ae78bd7429bf318e42e1e903b1a109e899a523293dfa762ea4f"
            ],
            "index": "pypi",
            "version": "==2.11.1"
        },
        "faker": {
            "hashes": [
                "sha256:202ad3b2ec16ae7c51c02904fb838831f8d2899e61bf18db1e91a5a582feab11",
                "sha256:92c84a10bec81217d9cb554ee12b3838c8986ce0b5d45f72f769da22e4bb5432"
            ],
            "version": "==3.0.0"
        },
        "flake8": {
            "hashes": [
                "sha256:6a35f5b8761f45c5513e3405f110a86bea57982c3b75b766ce7b65217abe1670",
                "sha256:c01f8a3963b3571a8e6bd7a4063359aff90749e160778e03817cd9b71c9e07d2"
            ],
            "index": "pypi",
            "version": "==3.6.0"
        },
        "importlib-metadata": {
            "hashes": [
                "sha256:b044f07694ef14a6683b097ba56bd081dbc7cdc7c7fe46011e499dfecc082f21",
                "sha256:e6ac600a142cf2db707b1998382cc7fc3b02befb7273876e01b8ad10b9652742"
            ],
            "markers": "python_version < '3.8'",
            "version": "==1.1.0"
        },
        "isort": {
            "hashes": [
                "sha256:1153601da39a25b14ddc54955dbbacbb6b2d19135386699e2ad58517953b34af",
                "sha256:b9c40e9750f3d77e6e4d441d8b0266cf555e7cdabdcff33c4fd06366ca761ef8",
                "sha256:ec9ef8f4a9bc6f71eec99e1806bfa2de401650d996c59330782b89a5555c1497"
            ],
            "index": "pypi",
            "version": "==4.3.4"
        },
        "mccabe": {
            "hashes": [
                "sha256:ab8a6258860da4b6677da4bd2fe5dc2c659cff31b3ee4f7f5d64e79735b80d42",
                "sha256:dd8d182285a0fe56bace7f45b5e7d1a6ebcbf524e8f3bd87eb0f125271b8831f"
            ],
            "version": "==0.6.1"
        },
        "more-itertools": {
            "hashes": [
                "sha256:53ff73f186307d9c8ef17a9600309154a6ae27f25579e80af4db8f047ba14bc2",
                "sha256:a0ea684c39bc4315ba7aae406596ef191fd84f873d2d2751f84d64e81a7a2d45"
            ],
            "version": "==8.0.0"
        },
        "pluggy": {
            "hashes": [
                "sha256:15b2acde666561e1298d71b523007ed7364de07029219b604cf808bfa1c765b0",
                "sha256:966c145cd83c96502c3c3868f50408687b38434af77734af1e9ca461a4081d2d"
            ],
            "version": "==0.13.1"
        },
        "py": {
            "hashes": [
                "sha256:64f65755aee5b381cea27766a3a147c3f15b9b6b9ac88676de66ba2ae36793fa",
                "sha256:dc639b046a6e2cff5bbe40194ad65936d6ba360b52b3c3fe1d08a82dd50b5e53"
            ],
            "version": "==1.8.0"
        },
        "pycodestyle": {
            "hashes": [
                "sha256:cbc619d09254895b0d12c2c691e237b2e91e9b2ecf5e84c26b35400f93dcfb83",
                "sha256:cbfca99bd594a10f674d0cd97a3d802a1fdef635d4361e1a2658de47ed261e3a"
            ],
            "version": "==2.4.0"
        },
        "pyflakes": {
            "hashes": [
                "sha256:9a7662ec724d0120012f6e29d6248ae3727d821bba522a0e6b356eff19126a49",
                "sha256:f661252913bc1dbe7fcfcbf0af0db3f42ab65aabd1a6ca68fe5d466bace94dae"
            ],
            "version": "==2.0.0"
        },
        "pytest": {
            "hashes": [
                "sha256:a9e5e8d7ab9d5b0747f37740276eb362e6a76275d76cebbb52c6049d93b475db",
                "sha256:bf47e8ed20d03764f963f0070ff1c8fda6e2671fc5dd562a4d3b7148ad60f5ca"
            ],
            "index": "pypi",
            "version": "==3.9.3"
        },
        "pytest-cov": {
            "hashes": [
                "sha256:513c425e931a0344944f84ea47f3956be0e416d95acbd897a44970c8d926d5d7",
                "sha256:e360f048b7dae3f2f2a9a4d067b2dd6b6a015d384d1577c994a43f3f7cbad762"
            ],
            "index": "pypi",
            "version": "==2.6.0"
        },
        "pytest-django": {
            "hashes": [
                "sha256:49e9ffc856bc6a1bec1c26c5c7b7213dff7cc8bc6b64d624c4d143d04aff0bcf",
                "sha256:b379282feaf89069cb790775ab6bbbd2bd2038a68c7ef9b84a41898e0b551081"
            ],
            "index": "pypi",
            "version": "==3.4.3"
        },
        "python-dateutil": {
            "hashes": [
                "sha256:73ebfe9dbf22e832286dafa60473e4cd239f8592f699aa5adaf10050e6e1823c",
                "sha256:75bb3f31ea686f1197762692a9ee6a7550b59fc6ca3a1f4b5d7e32fb98e2da2a"
            ],
            "version": "==2.8.1"
        },
        "six": {
            "hashes": [
                "sha256:1f1b7d42e254082a9db6279deae68afb421ceba6158efa6131de7b3003ee93fd",
                "sha256:30f610279e8b2578cab6db20741130331735c781b56053c59c4076da27f06b66"
            ],
            "version": "==1.13.0"
        },
        "text-unidecode": {
            "hashes": [
                "sha256:1311f10e8b895935241623731c2ba64f4c455287888b18189350b67134a822e8",
                "sha256:bad6603bb14d279193107714b288be206cac565dfa49aa5b105294dd5c4aab93"
            ],
            "version": "==1.3"
        },
        "zipp": {
            "hashes": [
                "sha256:3718b1cbcd963c7d4c5511a8240812904164b7f381b647143a89d3b98f9bcd8e",
                "sha256:f06903e9f1f43b12d371004b4ac7b06ab39a44adc747266928ae6debfa7b3335"
            ],
            "version": "==0.6.0"
        }
    }
}
